
Microsoft Visual Studio Solution File, Format Version 12.00
# Visual Studio Version 17
VisualStudioVersion = 17.2.32630.192
MinimumVisualStudioVersion = 10.0.40219.1
Project("{FAE04EC0-301F-11D3-BF4B-00C04F79EFBC}") = "WebApplication", "WebApplication\WebApplication.csproj", "{02400F6E-4F71-4CA4-A6B3-7A2989C68D9C}"
EndProject
Global
	GlobalSection(SolutionConfigurationPlatforms) = preSolution
		Debug|Any CPU = Debug|Any CPU
		Release|Any CPU = Release|Any CPU
	EndGlobalSection
	GlobalSection(ProjectConfigurationPlatforms) = postSolution
		{02400F6E-4F71-4CA4-A6B3-7A2989C68D9C}.Debug|Any CPU.ActiveCfg = Debug|Any CPU
		{02400F6E-4F71-4CA4-A6B3-7A2989C68D9C}.Debug|Any CPU.Build.0 = Debug|Any CPU
		{02400F6E-4F71-4CA4-A6B3-7A2989C68D9C}.Release|Any CPU.ActiveCfg = Release|Any CPU
		{02400F6E-4F71-4CA4-A6B3-7A2989C68D9C}.Release|Any CPU.Build.0 = Release|Any CPU
	EndGlobalSection
	GlobalSection(SolutionProperties) = preSolution
		HideSolutionNode = FALSE
	EndGlobalSection
	GlobalSection(ExtensibilityGlobals) = postSolution
		SolutionGuid = {EE7418BC-C35D-4885-8E9F-CD734D8D9F08}
	EndGlobalSection
EndGlobal
