
Microsoft Visual Studio Solution File, Format Version 12.00
# Visual Studio Version 17
VisualStudioVersion = 17.2.32630.192
MinimumVisualStudioVersion = 10.0.40219.1
Project("{2150E333-8FDC-42A3-9474-1A3956D46DE8}") = "src", "src", "{6AD93DE1-CD53-46C7-A25D-CBC0D4BE89CF}"
EndProject
Project("{2150E333-8FDC-42A3-9474-1A3956D46DE8}") = "tests", "tests", "{92A40FF2-3DD9-45EA-985C-72257AD17899}"
EndProject
Project("{9A19103F-16F7-4668-BE54-9A1E7A4F7556}") = "Game", "src\Game\Game.csproj", "{25497CEE-5EDA-4B17-9DDE-EA5AA98DDCF7}"
EndProject
Project("{9A19103F-16F7-4668-BE54-9A1E7A4F7556}") = "Game.Test", "tests\Game.Test\Game.Test.csproj", "{97B6BDF4-F504-4B5A-9A3B-5B876109018C}"
EndProject
Global
	GlobalSection(SolutionConfigurationPlatforms) = preSolution
		Debug|Any CPU = Debug|Any CPU
		Release|Any CPU = Release|Any CPU
	EndGlobalSection
	GlobalSection(ProjectConfigurationPlatforms) = postSolution
		{25497CEE-5EDA-4B17-9DDE-EA5AA98DDCF7}.Debug|Any CPU.ActiveCfg = Debug|Any CPU
		{25497CEE-5EDA-4B17-9DDE-EA5AA98DDCF7}.Debug|Any CPU.Build.0 = Debug|Any CPU
		{25497CEE-5EDA-4B17-9DDE-EA5AA98DDCF7}.Release|Any CPU.ActiveCfg = Release|Any CPU
		{25497CEE-5EDA-4B17-9DDE-EA5AA98DDCF7}.Release|Any CPU.Build.0 = Release|Any CPU
		{97B6BDF4-F504-4B5A-9A3B-5B876109018C}.Debug|Any CPU.ActiveCfg = Debug|Any CPU
		{97B6BDF4-F504-4B5A-9A3B-5B876109018C}.Debug|Any CPU.Build.0 = Debug|Any CPU
		{97B6BDF4-F504-4B5A-9A3B-5B876109018C}.Release|Any CPU.ActiveCfg = Release|Any CPU
		{97B6BDF4-F504-4B5A-9A3B-5B876109018C}.Release|Any CPU.Build.0 = Release|Any CPU
	EndGlobalSection
	GlobalSection(SolutionProperties) = preSolution
		HideSolutionNode = FALSE
	EndGlobalSection
	GlobalSection(NestedProjects) = preSolution
		{25497CEE-5EDA-4B17-9DDE-EA5AA98DDCF7} = {6AD93DE1-CD53-46C7-A25D-CBC0D4BE89CF}
		{97B6BDF4-F504-4B5A-9A3B-5B876109018C} = {92A40FF2-3DD9-45EA-985C-72257AD17899}
	EndGlobalSection
	GlobalSection(ExtensibilityGlobals) = postSolution
		SolutionGuid = {EE7418BC-C35D-4885-8E9F-CD734D8D9F08}
	EndGlobalSection
EndGlobal
